// !$*UTF8*$!
{
	archiveVersion = 1;
	classes = {
	};
	objectVersion = 77;
	objects = {

/* Begin PBXContainerItemProxy section */
		ACCD4A942D220A0E0066322E /* PBXContainerItemProxy */ = {
			isa = PBXContainerItemProxy;
			containerPortal = ACCD4A7B2D220A0D0066322E /* Project object */;
			proxyType = 1;
			remoteGlobalIDString = ACCD4A822D220A0D0066322E;
			remoteInfo = GPXApp;
		};
		ACCD4A9E2D220A0E0066322E /* PBXContainerItemProxy */ = {
			isa = PBXContainerItemProxy;
			containerPortal = ACCD4A7B2D220A0D0066322E /* Project object */;
			proxyType = 1;
			remoteGlobalIDString = ACCD4A822D220A0D0066322E;
			remoteInfo = GPXApp;
		};
/* End PBXContainerItemProxy section */

/* Begin PBXFileReference section */
		ACCD4A832D220A0D0066322E /* GPXApp.app */ = {isa = PBXFileReference; explicitFileType = wrapper.application; includeInIndex = 0; path = GPXApp.app; sourceTree = BUILT_PRODUCTS_DIR; };
		ACCD4A932D220A0E0066322E /* GPXAppTests.xctest */ = {isa = PBXFileReference; explicitFileType = wrapper.cfbundle; includeInIndex = 0; path = GPXAppTests.xctest; sourceTree = BUILT_PRODUCTS_DIR; };
		ACCD4A9D2D220A0E0066322E /* GPXAppUITests.xctest */ = {isa = PBXFileReference; explicitFileType = wrapper.cfbundle; includeInIndex = 0; path = GPXAppUITests.xctest; sourceTree = BUILT_PRODUCTS_DIR; };
/* End PBXFileReference section */

/* Begin PBXFileSystemSynchronizedRootGroup section */
		ACCD4A852D220A0D0066322E /* GPXApp */ = {
			isa = PBXFileSystemSynchronizedRootGroup;
			path = GPXApp;
			sourceTree = "<group>";
		};
		ACCD4A962D220A0E0066322E /* GPXAppTests */ = {
			isa = PBXFileSystemSynchronizedRootGroup;
			path = GPXAppTests;
			sourceTree = "<group>";
		};
		ACCD4AA02D220A0E0066322E /* GPXAppUITests */ = {
			isa = PBXFileSystemSynchronizedRootGroup;
			path = GPXAppUITests;
			sourceTree = "<group>";
		};
/* End PBXFileSystemSynchronizedRootGroup section */

/* Begin PBXFrameworksBuildPhase section */
		ACCD4A802D220A0D0066322E /* Frameworks */ = {
			isa = PBXFrameworksBuildPhase;
			buildActionMask = 2147483647;
			files = (
			);
			runOnlyForDeploymentPostprocessing = 0;
		};
		ACCD4A902D220A0E0066322E /* Frameworks */ = {
			isa = PBXFrameworksBuildPhase;
			buildActionMask = 2147483647;
			files = (
			);
			runOnlyForDeploymentPostprocessing = 0;
		};
		ACCD4A9A2D220A0E0066322E /* Frameworks */ = {
			isa = PBXFrameworksBuildPhase;
			buildActionMask = 2147483647;
			files = (
			);
			runOnlyForDeploymentPostprocessing = 0;
		};
/* End PBXFrameworksBuildPhase section */

/* Begin PBXGroup section */
		ACCD4A7A2D220A0D0066322E = {
			isa = PBXGroup;
			children = (
				ACCD4A852D220A0D0066322E /* GPXApp */,
				ACCD4A962D220A0E0066322E /* GPXAppTests */,
				ACCD4AA02D220A0E0066322E /* GPXAppUITests */,
				ACCD4A842D220A0D0066322E /* Products */,
			);
			sourceTree = "<group>";
		};
		ACCD4A842D220A0D0066322E /* Products */ = {
			isa = PBXGroup;
			children = (
				ACCD4A832D220A0D0066322E /* GPXApp.app */,
				ACCD4A932D220A0E0066322E /* GPXAppTests.xctest */,
				ACCD4A9D2D220A0E0066322E /* GPXAppUITests.xctest */,
			);
			name = Products;
			sourceTree = "<group>";
		};
/* End PBXGroup section */

/* Begin PBXNativeTarget section */
		ACCD4A822D220A0D0066322E /* GPXApp */ = {
			isa = PBXNativeTarget;
			buildConfigurationList = ACCD4AA72D220A0E0066322E /* Build configuration list for PBXNativeTarget "GPXApp" */;
			buildPhases = (
				ACCD4A7F2D220A0D0066322E /* Sources */,
				ACCD4A802D220A0D0066322E /* Frameworks */,
				ACCD4A812D220A0D0066322E /* Resources */,
			);
			buildRules = (
			);
			dependencies = (
			);
			fileSystemSynchronizedGroups = (
				ACCD4A852D220A0D0066322E /* GPXApp */,
			);
			name = GPXApp;
			packageProductDependencies = (
			);
			productName = GPXApp;
			productReference = ACCD4A832D220A0D0066322E /* GPXApp.app */;
			productType = "com.apple.product-type.application";
		};
		ACCD4A922D220A0E0066322E /* GPXAppTests */ = {
			isa = PBXNativeTarget;
			buildConfigurationList = ACCD4AAA2D220A0E0066322E /* Build configuration list for PBXNativeTarget "GPXAppTests" */;
			buildPhases = (
				ACCD4A8F2D220A0E0066322E /* Sources */,
				ACCD4A902D220A0E0066322E /* Frameworks */,
				ACCD4A912D220A0E0066322E /* Resources */,
			);
			buildRules = (
			);
			dependencies = (
				ACCD4A952D220A0E0066322E /* PBXTargetDependency */,
			);
			fileSystemSynchronizedGroups = (
				ACCD4A962D220A0E0066322E /* GPXAppTests */,
			);
			name = GPXAppTests;
			packageProductDependencies = (
			);
			productName = GPXAppTests;
			productReference = ACCD4A932D220A0E0066322E /* GPXAppTests.xctest */;
			productType = "com.apple.product-type.bundle.unit-test";
		};
		ACCD4A9C2D220A0E0066322E /* GPXAppUITests */ = {
			isa = PBXNativeTarget;
			buildConfigurationList = ACCD4AAD2D220A0E0066322E /* Build configuration list for PBXNativeTarget "GPXAppUITests" */;
			buildPhases = (
				ACCD4A992D220A0E0066322E /* Sources */,
				ACCD4A9A2D220A0E0066322E /* Frameworks */,
				ACCD4A9B2D220A0E0066322E /* Resources */,
			);
			buildRules = (
			);
			dependencies = (
				ACCD4A9F2D220A0E0066322E /* PBXTargetDependency */,
			);
			fileSystemSynchronizedGroups = (
				ACCD4AA02D220A0E0066322E /* GPXAppUITests */,
			);
			name = GPXAppUITests;
			packageProductDependencies = (
			);
			productName = GPXAppUITests;
			productReference = ACCD4A9D2D220A0E0066322E /* GPXAppUITests.xctest */;
			productType = "com.apple.product-type.bundle.ui-testing";
		};
/* End PBXNativeTarget section */

/* Begin PBXProject section */
		ACCD4A7B2D220A0D0066322E /* Project object */ = {
			isa = PBXProject;
			attributes = {
				BuildIndependentTargetsInParallel = 1;
				LastSwiftUpdateCheck = 1620;
				LastUpgradeCheck = 1620;
				TargetAttributes = {
					ACCD4A822D220A0D0066322E = {
						CreatedOnToolsVersion = 16.2;
					};
					ACCD4A922D220A0E0066322E = {
						CreatedOnToolsVersion = 16.2;
						TestTargetID = ACCD4A822D220A0D0066322E;
					};
					ACCD4A9C2D220A0E0066322E = {
						CreatedOnToolsVersion = 16.2;
						TestTargetID = ACCD4A822D220A0D0066322E;
					};
				};
			};
			buildConfigurationList = ACCD4A7E2D220A0D0066322E /* Build configuration list for PBXProject "GPXApp" */;
			developmentRegion = en;
			hasScannedForEncodings = 0;
			knownRegions = (
				en,
				Base,
			);
			mainGroup = ACCD4A7A2D220A0D0066322E;
			minimizedProjectReferenceProxies = 1;
			preferredProjectObjectVersion = 77;
			productRefGroup = ACCD4A842D220A0D0066322E /* Products */;
			projectDirPath = "";
			projectRoot = "";
			targets = (
				ACCD4A822D220A0D0066322E /* GPXApp */,
				ACCD4A922D220A0E0066322E /* GPXAppTests */,
				ACCD4A9C2D220A0E0066322E /* GPXAppUITests */,
			);
		};
/* End PBXProject section */

/* Begin PBXResourcesBuildPhase section */
		ACCD4A812D220A0D0066322E /* Resources */ = {
			isa = PBXResourcesBuildPhase;
			buildActionMask = 2147483647;
			files = (
			);
			runOnlyForDeploymentPostprocessing = 0;
		};
		ACCD4A912D220A0E0066322E /* Resources */ = {
			isa = PBXResourcesBuildPhase;
			buildActionMask = 2147483647;
			files = (
			);
			runOnlyForDeploymentPostprocessing = 0;
		};
		ACCD4A9B2D220A0E0066322E /* Resources */ = {
			isa = PBXResourcesBuildPhase;
			buildActionMask = 2147483647;
			files = (
			);
			runOnlyForDeploymentPostprocessing = 0;
		};
/* End PBXResourcesBuildPhase section */

/* Begin PBXSourcesBuildPhase section */
		ACCD4A7F2D220A0D0066322E /* Sources */ = {
			isa = PBXSourcesBuildPhase;
			buildActionMask = 2147483647;
			files = (
			);
			runOnlyForDeploymentPostprocessing = 0;
		};
		ACCD4A8F2D220A0E0066322E /* Sources */ = {
			isa = PBXSourcesBuildPhase;
			buildActionMask = 2147483647;
			files = (
			);
			runOnlyForDeploymentPostprocessing = 0;
		};
		ACCD4A992D220A0E0066322E /* Sources */ = {
			isa = PBXSourcesBuildPhase;
			buildActionMask = 2147483647;
			files = (
			);
			runOnlyForDeploymentPostprocessing = 0;
		};
/* End PBXSourcesBuildPhase section */

/* Begin PBXTargetDependency section */
		ACCD4A952D220A0E0066322E /* PBXTargetDependency */ = {
			isa = PBXTargetDependency;
			target = ACCD4A822D220A0D0066322E /* GPXApp */;
			targetProxy = ACCD4A942D220A0E0066322E /* PBXContainerItemProxy */;
		};
		ACCD4A9F2D220A0E0066322E /* PBXTargetDependency */ = {
			isa = PBXTargetDependency;
			target = ACCD4A822D220A0D0066322E /* GPXApp */;
			targetProxy = ACCD4A9E2D220A0E0066322E /* PBXContainerItemProxy */;
		};
/* End PBXTargetDependency section */

/* Begin XCBuildConfiguration section */
		ACCD4AA52D220A0E0066322E /* Debug */ = {
			isa = XCBuildConfiguration;
			buildSettings = {
				ALWAYS_SEARCH_USER_PATHS = NO;
				ASSETCATALOG_COMPILER_GENERATE_SWIFT_ASSET_SYMBOL_EXTENSIONS = YES;
				CLANG_ANALYZER_NONNULL = YES;
				CLANG_ANALYZER_NUMBER_OBJECT_CONVERSION = YES_AGGRESSIVE;
				CLANG_CXX_LANGUAGE_STANDARD = "gnu++20";
				CLANG_ENABLE_MODULES = YES;
				CLANG_ENABLE_OBJC_ARC = YES;
				CLANG_ENABLE_OBJC_WEAK = YES;
				CLANG_WARN_BLOCK_CAPTURE_AUTORELEASING = YES;
				CLANG_WARN_BOOL_CONVERSION = YES;
				CLANG_WARN_COMMA = YES;
				CLANG_WARN_CONSTANT_CONVERSION = YES;
				CLANG_WARN_DEPRECATED_OBJC_IMPLEMENTATIONS = YES;
				CLANG_WARN_DIRECT_OBJC_ISA_USAGE = YES_ERROR;
				CLANG_WARN_DOCUMENTATION_COMMENTS = YES;
				CLANG_WARN_EMPTY_BODY = YES;
				CLANG_WARN_ENUM_CONVERSION = YES;
				CLANG_WARN_INFINITE_RECURSION = YES;
				CLANG_WARN_INT_CONVERSION = YES;
				CLANG_WARN_NON_LITERAL_NULL_CONVERSION = YES;
				CLANG_WARN_OBJC_IMPLICIT_RETAIN_SELF = YES;
				CLANG_WARN_OBJC_LITERAL_CONVERSION = YES;
				CLANG_WARN_OBJC_ROOT_CLASS = YES_ERROR;
				CLANG_WARN_QUOTED_INCLUDE_IN_FRAMEWORK_HEADER = YES;
				CLANG_WARN_RANGE_LOOP_ANALYSIS = YES;
				CLANG_WARN_STRICT_PROTOTYPES = YES;
				CLANG_WARN_SUSPICIOUS_MOVE = YES;
				CLANG_WARN_UNGUARDED_AVAILABILITY = YES_AGGRESSIVE;
				CLANG_WARN_UNREACHABLE_CODE = YES;
				CLANG_WARN__DUPLICATE_METHOD_MATCH = YES;
				COPY_PHASE_STRIP = NO;
				DEBUG_INFORMATION_FORMAT = dwarf;
				ENABLE_STRICT_OBJC_MSGSEND = YES;
				ENABLE_TESTABILITY = YES;
				ENABLE_USER_SCRIPT_SANDBOXING = YES;
				GCC_C_LANGUAGE_STANDARD = gnu17;
				GCC_DYNAMIC_NO_PIC = NO;
				GCC_NO_COMMON_BLOCKS = YES;
				GCC_OPTIMIZATION_LEVEL = 0;
				GCC_PREPROCESSOR_DEFINITIONS = (
					"DEBUG=1",
					"$(inherited)",
				);
				GCC_WARN_64_TO_32_BIT_CONVERSION = YES;
				GCC_WARN_ABOUT_RETURN_TYPE = YES_ERROR;
				GCC_WARN_UNDECLARED_SELECTOR = YES;
				GCC_WARN_UNINITIALIZED_AUTOS = YES_AGGRESSIVE;
				GCC_WARN_UNUSED_FUNCTION = YES;
				GCC_WARN_UNUSED_VARIABLE = YES;
				IPHONEOS_DEPLOYMENT_TARGET = 18.2;
				LOCALIZATION_PREFERS_STRING_CATALOGS = YES;
				MTL_ENABLE_DEBUG_INFO = INCLUDE_SOURCE;
				MTL_FAST_MATH = YES;
				ONLY_ACTIVE_ARCH = YES;
				SDKROOT = iphoneos;
				SWIFT_ACTIVE_COMPILATION_CONDITIONS = "DEBUG $(inherited)";
				SWIFT_OPTIMIZATION_LEVEL = "-Onone";
			};
			name = Debug;
		};
		ACCD4AA62D220A0E0066322E /* Release */ = {
			isa = XCBuildConfiguration;
			buildSettings = {
				ALWAYS_SEARCH_USER_PATHS = NO;
				ASSETCATALOG_COMPILER_GENERATE_SWIFT_ASSET_SYMBOL_EXTENSIONS = YES;
				CLANG_ANALYZER_NONNULL = YES;
				CLANG_ANALYZER_NUMBER_OBJECT_CONVERSION = YES_AGGRESSIVE;
				CLANG_CXX_LANGUAGE_STANDARD = "gnu++20";
				CLANG_ENABLE_MODULES = YES;
				CLANG_ENABLE_OBJC_ARC = YES;
				CLANG_ENABLE_OBJC_WEAK = YES;
				CLANG_WARN_BLOCK_CAPTURE_AUTORELEASING = YES;
				CLANG_WARN_BOOL_CONVERSION = YES;
				CLANG_WARN_COMMA = YES;
				CLANG_WARN_CONSTANT_CONVERSION = YES;
				CLANG_WARN_DEPRECATED_OBJC_IMPLEMENTATIONS = YES;
				CLANG_WARN_DIRECT_OBJC_ISA_USAGE = YES_ERROR;
				CLANG_WARN_DOCUMENTATION_COMMENTS = YES;
				CLANG_WARN_EMPTY_BODY = YES;
				CLANG_WARN_ENUM_CONVERSION = YES;
				CLANG_WARN_INFINITE_RECURSION = YES;
				CLANG_WARN_INT_CONVERSION = YES;
				CLANG_WARN_NON_LITERAL_NULL_CONVERSION = YES;
				CLANG_WARN_OBJC_IMPLICIT_RETAIN_SELF = YES;
				CLANG_WARN_OBJC_LITERAL_CONVERSION = YES;
				CLANG_WARN_OBJC_ROOT_CLASS = YES_ERROR;
				CLANG_WARN_QUOTED_INCLUDE_IN_FRAMEWORK_HEADER = YES;
				CLANG_WARN_RANGE_LOOP_ANALYSIS = YES;
				CLANG_WARN_STRICT_PROTOTYPES = YES;
				CLANG_WARN_SUSPICIOUS_MOVE = YES;
				CLANG_WARN_UNGUARDED_AVAILABILITY = YES_AGGRESSIVE;
				CLANG_WARN_UNREACHABLE_CODE = YES;
				CLANG_WARN__DUPLICATE_METHOD_MATCH = YES;
				COPY_PHASE_STRIP = NO;
				DEBUG_INFORMATION_FORMAT = "dwarf-with-dsym";
				ENABLE_NS_ASSERTIONS = NO;
				ENABLE_STRICT_OBJC_MSGSEND = YES;
				ENABLE_USER_SCRIPT_SANDBOXING = YES;
				GCC_C_LANGUAGE_STANDARD = gnu17;
				GCC_NO_COMMON_BLOCKS = YES;
				GCC_WARN_64_TO_32_BIT_CONVERSION = YES;
				GCC_WARN_ABOUT_RETURN_TYPE = YES_ERROR;
				GCC_WARN_UNDECLARED_SELECTOR = YES;
				GCC_WARN_UNINITIALIZED_AUTOS = YES_AGGRESSIVE;
				GCC_WARN_UNUSED_FUNCTION = YES;
				GCC_WARN_UNUSED_VARIABLE = YES;
				IPHONEOS_DEPLOYMENT_TARGET = 18.2;
				LOCALIZATION_PREFERS_STRING_CATALOGS = YES;
				MTL_ENABLE_DEBUG_INFO = NO;
				MTL_FAST_MATH = YES;
				SDKROOT = iphoneos;
				SWIFT_COMPILATION_MODE = wholemodule;
				VALIDATE_PRODUCT = YES;
			};
			name = Release;
		};
		ACCD4AA82D220A0E0066322E /* Debug */ = {
			isa = XCBuildConfiguration;
			buildSettings = {
				ASSETCATALOG_COMPILER_APPICON_NAME = AppIcon;
				ASSETCATALOG_COMPILER_GLOBAL_ACCENT_COLOR_NAME = AccentColor;
				CODE_SIGN_ENTITLEMENTS = GPXApp/GPXApp.entitlements;
				CODE_SIGN_STYLE = Automatic;
				CURRENT_PROJECT_VERSION = 1;
				DEVELOPMENT_ASSET_PATHS = "\"GPXApp/Preview Content\"";
				DEVELOPMENT_TEAM = 49DY3MFG6B;
				ENABLE_PREVIEWS = YES;
				GENERATE_INFOPLIST_FILE = YES;
				INFOPLIST_KEY_NSLocationWhenInUseUsageDescription = "Used to help generate routes near you";
				INFOPLIST_KEY_UIApplicationSceneManifest_Generation = YES;
				INFOPLIST_KEY_UIApplicationSupportsIndirectInputEvents = YES;
				INFOPLIST_KEY_UILaunchScreen_Generation = YES;
				INFOPLIST_KEY_UISupportedInterfaceOrientations_iPad = "UIInterfaceOrientationPortrait UIInterfaceOrientationPortraitUpsideDown UIInterfaceOrientationLandscapeLeft UIInterfaceOrientationLandscapeRight";
				INFOPLIST_KEY_UISupportedInterfaceOrientations_iPhone = "UIInterfaceOrientationPortrait UIInterfaceOrientationLandscapeLeft UIInterfaceOrientationLandscapeRight";
				IPHONEOS_DEPLOYMENT_TARGET = 18.0;
				LD_RUNPATH_SEARCH_PATHS = (
					"$(inherited)",
					"@executable_path/Frameworks",
				);
				MARKETING_VERSION = 1.0;
				PRODUCT_BUNDLE_IDENTIFIER = will.GPXApp;
				PRODUCT_NAME = "$(TARGET_NAME)";
				SWIFT_EMIT_LOC_STRINGS = YES;
				SWIFT_VERSION = 5.0;
				TARGETED_DEVICE_FAMILY = "1,2";
			};
			name = Debug;
		};
		ACCD4AA92D220A0E0066322E /* Release */ = {
			isa = XCBuildConfiguration;
			buildSettings = {
				ASSETCATALOG_COMPILER_APPICON_NAME = AppIcon;
				ASSETCATALOG_COMPILER_GLOBAL_ACCENT_COLOR_NAME = AccentColor;
				CODE_SIGN_ENTITLEMENTS = GPXApp/GPXApp.entitlements;
				CODE_SIGN_STYLE = Automatic;
				CURRENT_PROJECT_VERSION = 1;
				DEVELOPMENT_ASSET_PATHS = "\"GPXApp/Preview Content\"";
				DEVELOPMENT_TEAM = 49DY3MFG6B;
				ENABLE_PREVIEWS = YES;
				GENERATE_INFOPLIST_FILE = YES;
				INFOPLIST_KEY_NSLocationWhenInUseUsageDescription = "Used to help generate routes near you";
				INFOPLIST_KEY_UIApplicationSceneManifest_Generation = YES;
				INFOPLIST_KEY_UIApplicationSupportsIndirectInputEvents = YES;
				INFOPLIST_KEY_UILaunchScreen_Generation = YES;
				INFOPLIST_KEY_UISupportedInterfaceOrientations_iPad = "UIInterfaceOrientationPortrait UIInterfaceOrientationPortraitUpsideDown UIInterfaceOrientationLandscapeLeft UIInterfaceOrientationLandscapeRight";
				INFOPLIST_KEY_UISupportedInterfaceOrientations_iPhone = "UIInterfaceOrientationPortrait UIInterfaceOrientationLandscapeLeft UIInterfaceOrientationLandscapeRight";
				IPHONEOS_DEPLOYMENT_TARGET = 18.0;
				LD_RUNPATH_SEARCH_PATHS = (
					"$(inherited)",
					"@executable_path/Frameworks",
				);
				MARKETING_VERSION = 1.0;
				PRODUCT_BUNDLE_IDENTIFIER = will.GPXApp;
				PRODUCT_NAME = "$(TARGET_NAME)";
				SWIFT_EMIT_LOC_STRINGS = YES;
				SWIFT_VERSION = 5.0;
				TARGETED_DEVICE_FAMILY = "1,2";
			};
			name = Release;
		};
		ACCD4AAB2D220A0E0066322E /* Debug */ = {
			isa = XCBuildConfiguration;
			buildSettings = {
				BUNDLE_LOADER = "$(TEST_HOST)";
				CODE_SIGN_STYLE = Automatic;
				CURRENT_PROJECT_VERSION = 1;
				GENERATE_INFOPLIST_FILE = YES;
				IPHONEOS_DEPLOYMENT_TARGET = 18.2;
				MARKETING_VERSION = 1.0;
				PRODUCT_BUNDLE_IDENTIFIER = will.GPXAppTests;
				PRODUCT_NAME = "$(TARGET_NAME)";
				SWIFT_EMIT_LOC_STRINGS = NO;
				SWIFT_VERSION = 5.0;
				TARGETED_DEVICE_FAMILY = "1,2";
				TEST_HOST = "$(BUILT_PRODUCTS_DIR)/GPXApp.app/$(BUNDLE_EXECUTABLE_FOLDER_PATH)/GPXApp";
			};
			name = Debug;
		};
		ACCD4AAC2D220A0E0066322E /* Release */ = {
			isa = XCBuildConfiguration;
			buildSettings = {
				BUNDLE_LOADER = "$(TEST_HOST)";
				CODE_SIGN_STYLE = Automatic;
				CURRENT_PROJECT_VERSION = 1;
				GENERATE_INFOPLIST_FILE = YES;
				IPHONEOS_DEPLOYMENT_TARGET = 18.2;
				MARKETING_VERSION = 1.0;
				PRODUCT_BUNDLE_IDENTIFIER = will.GPXAppTests;
				PRODUCT_NAME = "$(TARGET_NAME)";
				SWIFT_EMIT_LOC_STRINGS = NO;
				SWIFT_VERSION = 5.0;
				TARGETED_DEVICE_FAMILY = "1,2";
				TEST_HOST = "$(BUILT_PRODUCTS_DIR)/GPXApp.app/$(BUNDLE_EXECUTABLE_FOLDER_PATH)/GPXApp";
			};
			name = Release;
		};
		ACCD4AAE2D220A0E0066322E /* Debug */ = {
			isa = XCBuildConfiguration;
			buildSettings = {
				CODE_SIGN_STYLE = Automatic;
				CURRENT_PROJECT_VERSION = 1;
				GENERATE_INFOPLIST_FILE = YES;
				MARKETING_VERSION = 1.0;
				PRODUCT_BUNDLE_IDENTIFIER = will.GPXAppUITests;
				PRODUCT_NAME = "$(TARGET_NAME)";
				SWIFT_EMIT_LOC_STRINGS = NO;
				SWIFT_VERSION = 5.0;
				TARGETED_DEVICE_FAMILY = "1,2";
				TEST_TARGET_NAME = GPXApp;
			};
			name = Debug;
		};
		ACCD4AAF2D220A0E0066322E /* Release */ = {
			isa = XCBuildConfiguration;
			buildSettings = {
				CODE_SIGN_STYLE = Automatic;
				CURRENT_PROJECT_VERSION = 1;
				GENERATE_INFOPLIST_FILE = YES;
				MARKETING_VERSION = 1.0;
				PRODUCT_BUNDLE_IDENTIFIER = will.GPXAppUITests;
				PRODUCT_NAME = "$(TARGET_NAME)";
				SWIFT_EMIT_LOC_STRINGS = NO;
				SWIFT_VERSION = 5.0;
				TARGETED_DEVICE_FAMILY = "1,2";
				TEST_TARGET_NAME = GPXApp;
			};
			name = Release;
		};
/* End XCBuildConfiguration section */

/* Begin XCConfigurationList section */
		ACCD4A7E2D220A0D0066322E /* Build configuration list for PBXProject "GPXApp" */ = {
			isa = XCConfigurationList;
			buildConfigurations = (
				ACCD4AA52D220A0E0066322E /* Debug */,
				ACCD4AA62D220A0E0066322E /* Release */,
			);
			defaultConfigurationIsVisible = 0;
			defaultConfigurationName = Release;
		};
		ACCD4AA72D220A0E0066322E /* Build configuration list for PBXNativeTarget "GPXApp" */ = {
			isa = XCConfigurationList;
			buildConfigurations = (
				ACCD4AA82D220A0E0066322E /* Debug */,
				ACCD4AA92D220A0E0066322E /* Release */,
			);
			defaultConfigurationIsVisible = 0;
			defaultConfigurationName = Release;
		};
		ACCD4AAA2D220A0E0066322E /* Build configuration list for PBXNativeTarget "GPXAppTests" */ = {
			isa = XCConfigurationList;
			buildConfigurations = (
				ACCD4AAB2D220A0E0066322E /* Debug */,
				ACCD4AAC2D220A0E0066322E /* Release */,
			);
			defaultConfigurationIsVisible = 0;
			defaultConfigurationName = Release;
		};
		ACCD4AAD2D220A0E0066322E /* Build configuration list for PBXNativeTarget "GPXAppUITests" */ = {
			isa = XCConfigurationList;
			buildConfigurations = (
				ACCD4AAE2D220A0E0066322E /* Debug */,
				ACCD4AAF2D220A0E0066322E /* Release */,
			);
			defaultConfigurationIsVisible = 0;
			defaultConfigurationName = Release;
		};
/* End XCConfigurationList section */
	};
	rootObject = ACCD4A7B2D220A0D0066322E /* Project object */;
}
